
Microsoft Visual Studio Solution File, Format Version 12.00
# Visual Studio Version 16
VisualStudioVersion = 16.0.31410.357
MinimumVisualStudioVersion = 10.0.40219.1
Project("{FAE04EC0-301F-11D3-BF4B-00C04F79EFBC}") = "EnsekTests", "EnsekTests\EnsekTests.csproj", "{89B25757-AEA8-4FBE-8AF9-9D42AA662096}"
EndProject
Project("{FAE04EC0-301F-11D3-BF4B-00C04F79EFBC}") = "EnsekWeb", "EnsekWeb\EnsekWeb.csproj", "{5245B440-7D68-4DE0-9A93-480C506BCBA3}"
EndProject
Project("{FAE04EC0-301F-11D3-BF4B-00C04F79EFBC}") = "EnsekAPI", "EnsekAPI\EnsekAPI.csproj", "{41AF8020-8337-45AA-A849-343C82B63CDD}"
EndProject
Project("{FAE04EC0-301F-11D3-BF4B-00C04F79EFBC}") = "EnsekService", "EnsekService\EnsekService.csproj", "{60E7E60D-D3A1-4988-A1EF-59904B7AF2BF}"
EndProject
Project("{FAE04EC0-301F-11D3-BF4B-00C04F79EFBC}") = "EnsekDAL", "EnsekDAL\EnsekDAL.csproj", "{2C4EE559-F5EC-481F-BC11-E3978DEB32BC}"
EndProject
Global
	GlobalSection(SolutionConfigurationPlatforms) = preSolution
		Debug|Any CPU = Debug|Any CPU
		Release|Any CPU = Release|Any CPU
	EndGlobalSection
	GlobalSection(ProjectConfigurationPlatforms) = postSolution
		{89B25757-AEA8-4FBE-8AF9-9D42AA662096}.Debug|Any CPU.ActiveCfg = Debug|Any CPU
		{89B25757-AEA8-4FBE-8AF9-9D42AA662096}.Debug|Any CPU.Build.0 = Debug|Any CPU
		{89B25757-AEA8-4FBE-8AF9-9D42AA662096}.Release|Any CPU.ActiveCfg = Release|Any CPU
		{89B25757-AEA8-4FBE-8AF9-9D42AA662096}.Release|Any CPU.Build.0 = Release|Any CPU
		{5245B440-7D68-4DE0-9A93-480C506BCBA3}.Debug|Any CPU.ActiveCfg = Debug|Any CPU
		{5245B440-7D68-4DE0-9A93-480C506BCBA3}.Debug|Any CPU.Build.0 = Debug|Any CPU
		{5245B440-7D68-4DE0-9A93-480C506BCBA3}.Release|Any CPU.ActiveCfg = Release|Any CPU
		{5245B440-7D68-4DE0-9A93-480C506BCBA3}.Release|Any CPU.Build.0 = Release|Any CPU
		{41AF8020-8337-45AA-A849-343C82B63CDD}.Debug|Any CPU.ActiveCfg = Debug|Any CPU
		{41AF8020-8337-45AA-A849-343C82B63CDD}.Debug|Any CPU.Build.0 = Debug|Any CPU
		{41AF8020-8337-45AA-A849-343C82B63CDD}.Release|Any CPU.ActiveCfg = Release|Any CPU
		{41AF8020-8337-45AA-A849-343C82B63CDD}.Release|Any CPU.Build.0 = Release|Any CPU
		{60E7E60D-D3A1-4988-A1EF-59904B7AF2BF}.Debug|Any CPU.ActiveCfg = Debug|Any CPU
		{60E7E60D-D3A1-4988-A1EF-59904B7AF2BF}.Debug|Any CPU.Build.0 = Debug|Any CPU
		{60E7E60D-D3A1-4988-A1EF-59904B7AF2BF}.Release|Any CPU.ActiveCfg = Release|Any CPU
		{60E7E60D-D3A1-4988-A1EF-59904B7AF2BF}.Release|Any CPU.Build.0 = Release|Any CPU
		{2C4EE559-F5EC-481F-BC11-E3978DEB32BC}.Debug|Any CPU.ActiveCfg = Debug|Any CPU
		{2C4EE559-F5EC-481F-BC11-E3978DEB32BC}.Debug|Any CPU.Build.0 = Debug|Any CPU
		{2C4EE559-F5EC-481F-BC11-E3978DEB32BC}.Release|Any CPU.ActiveCfg = Release|Any CPU
		{2C4EE559-F5EC-481F-BC11-E3978DEB32BC}.Release|Any CPU.Build.0 = Release|Any CPU
	EndGlobalSection
	GlobalSection(SolutionProperties) = preSolution
		HideSolutionNode = FALSE
	EndGlobalSection
	GlobalSection(ExtensibilityGlobals) = postSolution
		SolutionGuid = {5DCC699E-5AD7-48EA-B191-04473D870345}
	EndGlobalSection
EndGlobal
